
Microsoft Visual Studio Solution File, Format Version 12.00
# Visual Studio Version 17
VisualStudioVersion = 17.0.31903.59
MinimumVisualStudioVersion = 10.0.40219.1
Project("{FAE04EC0-301F-11D3-BF4B-00C04F79EFBC}") = "ProductService", "ProductAPI\ProductService.csproj", "{7F0C16AA-4F97-43ED-AD95-F40BA2D52792}"
EndProject
Project("{FAE04EC0-301F-11D3-BF4B-00C04F79EFBC}") = "ProductAPITests", "ProductAPITests\ProductAPITests.csproj", "{B5037E41-533B-48E4-899A-059F29B2F1AE}"
EndProject
Global
	GlobalSection(SolutionConfigurationPlatforms) = preSolution
		Debug|Any CPU = Debug|Any CPU
		Release|Any CPU = Release|Any CPU
	EndGlobalSection
	GlobalSection(SolutionProperties) = preSolution
		HideSolutionNode = FALSE
	EndGlobalSection
	GlobalSection(ProjectConfigurationPlatforms) = postSolution
		{7F0C16AA-4F97-43ED-AD95-F40BA2D52792}.Debug|Any CPU.ActiveCfg = Debug|Any CPU
		{7F0C16AA-4F97-43ED-AD95-F40BA2D52792}.Debug|Any CPU.Build.0 = Debug|Any CPU
		{7F0C16AA-4F97-43ED-AD95-F40BA2D52792}.Release|Any CPU.ActiveCfg = Release|Any CPU
		{7F0C16AA-4F97-43ED-AD95-F40BA2D52792}.Release|Any CPU.Build.0 = Release|Any CPU
		{B5037E41-533B-48E4-899A-059F29B2F1AE}.Debug|Any CPU.ActiveCfg = Debug|Any CPU
		{B5037E41-533B-48E4-899A-059F29B2F1AE}.Debug|Any CPU.Build.0 = Debug|Any CPU
		{B5037E41-533B-48E4-899A-059F29B2F1AE}.Release|Any CPU.ActiveCfg = Release|Any CPU
		{B5037E41-533B-48E4-899A-059F29B2F1AE}.Release|Any CPU.Build.0 = Release|Any CPU
	EndGlobalSection
EndGlobal
